
Microsoft Visual Studio Solution File, Format Version 12.00
# Visual Studio Version 17
VisualStudioVersion = 17.5.002.0
MinimumVisualStudioVersion = 10.0.40219.1
Project("{9A19103F-16F7-4668-BE54-9A1E7A4F7556}") = "1.8", "1.8.csproj", "{AE5995CD-5953-4B62-9975-5138D66C92A5}"
EndProject
Global
	GlobalSection(SolutionConfigurationPlatforms) = preSolution
		Debug|Any CPU = Debug|Any CPU
		Release|Any CPU = Release|Any CPU
	EndGlobalSection
	GlobalSection(ProjectConfigurationPlatforms) = postSolution
		{AE5995CD-5953-4B62-9975-5138D66C92A5}.Debug|Any CPU.ActiveCfg = Debug|Any CPU
		{AE5995CD-5953-4B62-9975-5138D66C92A5}.Debug|Any CPU.Build.0 = Debug|Any CPU
		{AE5995CD-5953-4B62-9975-5138D66C92A5}.Release|Any CPU.ActiveCfg = Release|Any CPU
		{AE5995CD-5953-4B62-9975-5138D66C92A5}.Release|Any CPU.Build.0 = Release|Any CPU
	EndGlobalSection
	GlobalSection(SolutionProperties) = preSolution
		HideSolutionNode = FALSE
	EndGlobalSection
	GlobalSection(ExtensibilityGlobals) = postSolution
		SolutionGuid = {555FC271-8D47-4FD4-BB4E-0C1C6E13204F}
	EndGlobalSection
EndGlobal
